# This file is generated by running "yarn install" inside your project.
# Manual changes might be lost - proceed with caution!

__metadata:
  version: 6
  cacheKey: 8

"@types/jsonwebtoken@npm:^9.0.2":
  version: 9.0.2
  resolution: "@types/jsonwebtoken@npm:9.0.2"
  dependencies:
    "@types/node": "*"
  checksum: 3bb8d40e78d7eb53e427db6e9f0f22e0890cfee80965dcf741d08341814913afb211306de6e9847c6d241cc8e36f8a59090cbfdcc510ab7c81af9d650c5afe0e
  languageName: node
  linkType: hard

"@types/node@npm:*":
  version: 20.4.4
  resolution: "@types/node@npm:20.4.4"
  checksum: 43f3c4a8acc38ae753e15a0e79bae0447d255b3742fa87f8e065d7b9d20ecb0e03d6c5b46c00d5d26f4552160381a00255f49205595a8ee48c2423e00263c930
  languageName: node
  linkType: hard

"@types/node@npm:^22.15.19":
  version: 22.15.19
  resolution: "@types/node@npm:22.15.19"
  dependencies:
    undici-types: ~6.21.0
  checksum: 5aa45bf93c62bba1193bf07a56dddd84b74f89a554a08e1bd7772610f529d8dc6f828d464bc28c10001bd0092b6b3d11736544b52e154f25f5ca0ed93f04c32b
  languageName: node
  linkType: hard

"crypto@npm:^1.0.1":
  version: 1.0.1
  resolution: "crypto@npm:1.0.1"
  checksum: 087fe3165bd94c333a49e6ed66a0193911f63eac38a24f379b3001a5fe260a59c413646e53a0f67875ba13902b2686d81dc703cb2c147a4ec727dcdc04e5645e
  languageName: node
  linkType: hard

"inkress-sdk@workspace:.":
  version: 0.0.0-use.local
  resolution: "inkress-sdk@workspace:."
  dependencies:
    "@types/jsonwebtoken": ^9.0.2
    "@types/node": ^22.15.19
    crypto: ^1.0.1
    tsc: ^2.0.4
    typescript: ^5.1.6
  languageName: unknown
  linkType: soft

"tsc@npm:^2.0.4":
  version: 2.0.4
  resolution: "tsc@npm:2.0.4"
  bin:
    tsc: bin/tsc
  checksum: 50b10240887424c66454687f0fca4e319713b35cb44f0dab228719eb4dd757251f83c3d79e60d29dfbe90c2d6f1272f793b83e75a9fca2c622b4213ad3eb8cb1
  languageName: node
  linkType: hard

"typescript@npm:^5.1.6":
  version: 5.1.6
  resolution: "typescript@npm:5.1.6"
  bin:
    tsc: bin/tsc
    tsserver: bin/tsserver
  checksum: b2f2c35096035fe1f5facd1e38922ccb8558996331405eb00a5111cc948b2e733163cc22fab5db46992aba7dd520fff637f2c1df4996ff0e134e77d3249a7350
  languageName: node
  linkType: hard

"typescript@patch:typescript@^5.1.6#~builtin<compat/typescript>":
  version: 5.1.6
  resolution: "typescript@patch:typescript@npm%3A5.1.6#~builtin<compat/typescript>::version=5.1.6&hash=a1c5e5"
  bin:
    tsc: bin/tsc
    tsserver: bin/tsserver
  checksum: 21e88b0a0c0226f9cb9fd25b9626fb05b4c0f3fddac521844a13e1f30beb8f14e90bd409a9ac43c812c5946d714d6e0dee12d5d02dfc1c562c5aacfa1f49b606
  languageName: node
  linkType: hard

"undici-types@npm:~6.21.0":
  version: 6.21.0
  resolution: "undici-types@npm:6.21.0"
  checksum: 46331c7d6016bf85b3e8f20c159d62f5ae471aba1eb3dc52fff35a0259d58dcc7d592d4cc4f00c5f9243fa738a11cfa48bd20203040d4a9e6bc25e807fab7ab3
  languageName: node
  linkType: hard
